{
  "nodes": {
    "libplacebo-src": {
      "flake": false,
      "locked": {
        "lastModified": 1783535157,
        "narHash": "sha256-cA8+APhpu3m38z5hs2EhsNlLb/xHAy/Tcxi5loFS6j0=",
        "owner": "haasn",
        "repo": "libplacebo",
        "rev": "a7a18af88ff0a17c04840dcb3246047bb6b46df3",
        "type": "github"
      },
      "original": {
        "owner": "haasn",
        "repo": "libplacebo",
        "rev": "a7a18af88ff0a17c04840dcb3246047bb6b46df3",
        "type": "github"
      }
    },
    "mpv-src": {
      "flake": false,
      "locked": {
        "lastModified": 1788879097,
        "narHash": "sha256-5ahKTMXJezvSCaBZ3AlPsfU2PNiwPQMgtjAgDqGk+ec=",
        "ref": "refs/heads/universal",
        "rev": "c7a6c077cb053e41fb00608ecdd6d65f230dc980",
        "revCount": 55610,
        "type": "git",
        "url": "file:./mpv"
      },
      "original": {
        "type": "git",
        "url": "file:./mpv"
      }
    },
    "nixpkgs": {
      "locked": {
        "lastModified": 1788881743,
        "narHash": "sha256-2V9GZGvPfrNzxFozhI9dcqV+c3QdA8YZrvAAzqEB+dI=",
        "owner": "NixOS",
        "repo": "nixpkgs",
        "rev": "d6524aaca2ff07876657ae2b323f24be4874944b",
        "type": "github"
      },
      "original": {
        "owner": "NixOS",
        "ref": "nixos-unstable",
        "repo": "nixpkgs",
        "type": "github"
      }
    },
    "nixpkgs-x86-darwin": {
      "locked": {
        "lastModified": 1788966248,
        "narHash": "sha256-F36C+08KdnP1gQ6bu9Ok+UKg50A5EVSZOeGqg+hjoO0=",
        "owner": "NixOS",
        "repo": "nixpkgs",
        "rev": "104a7c61006cd22d11c0379663afee90c62273ab",
        "type": "github"
      },
      "original": {
        "owner": "NixOS",
        "ref": "nixpkgs-26.05-darwin",
        "repo": "nixpkgs",
        "type": "github"
      }
    },
    "qcoro-src": {
      "flake": false,
      "locked": {
        "lastModified": 1771018093,
        "narHash": "sha256-+uArJ9wuq/Cu8/P81xktPLAs6GH13RFepqhdqOof0Jo=",
        "owner": "danvratil",
        "repo": "qcoro",
        "rev": "d1b52b5db2ff9560185c39a4ed9f944dc610c235",
        "type": "github"
      },
      "original": {
        "owner": "danvratil",
        "repo": "qcoro",
        "rev": "d1b52b5db2ff9560185c39a4ed9f944dc610c235",
        "type": "github"
      }
    },
    "root": {
      "inputs": {
        "libplacebo-src": "libplacebo-src",
        "mpv-src": "mpv-src",
        "nixpkgs": "nixpkgs",
        "nixpkgs-x86-darwin": "nixpkgs-x86-darwin",
        "qcoro-src": "qcoro-src"
      }
    }
  },
  "root": "root",
  "version": 7
}
